
Microsoft Visual Studio Solution File, Format Version 12.00
# Visual Studio 15
VisualStudioVersion = 15.0.26124.0
MinimumVisualStudioVersion = 15.0.26124.0
Project("{2150E333-8FDC-42A3-9474-1A3956D46DE8}") = "src", "src", "{7F99D103-3D00-450F-AEE5-96D115547906}"
EndProject
Project("{9A19103F-16F7-4668-BE54-9A1E7A4F7556}") = "BasketTest", "src\BasketTest\BasketTest.csproj", "{DD91ECCE-B455-43A9-B412-D5D282CC1798}"
EndProject
Project("{2150E333-8FDC-42A3-9474-1A3956D46DE8}") = "test", "test", "{C7691550-5468-42F5-9A8C-19BC739E46D0}"
EndProject
Project("{FAE04EC0-301F-11D3-BF4B-00C04F79EFBC}") = "BasketTest.AcceptanceTests", "test\BasketTest.AcceptanceTests\BasketTest.AcceptanceTests.csproj", "{1BDEC723-6BF4-48B0-AE02-99EEB0C009A8}"
EndProject
Global
	GlobalSection(SolutionConfigurationPlatforms) = preSolution
		Debug|Any CPU = Debug|Any CPU
		Debug|x64 = Debug|x64
		Debug|x86 = Debug|x86
		Release|Any CPU = Release|Any CPU
		Release|x64 = Release|x64
		Release|x86 = Release|x86
	EndGlobalSection
	GlobalSection(ProjectConfigurationPlatforms) = postSolution
		{DD91ECCE-B455-43A9-B412-D5D282CC1798}.Debug|Any CPU.ActiveCfg = Debug|Any CPU
		{DD91ECCE-B455-43A9-B412-D5D282CC1798}.Debug|Any CPU.Build.0 = Debug|Any CPU
		{DD91ECCE-B455-43A9-B412-D5D282CC1798}.Debug|x64.ActiveCfg = Debug|Any CPU
		{DD91ECCE-B455-43A9-B412-D5D282CC1798}.Debug|x64.Build.0 = Debug|Any CPU
		{DD91ECCE-B455-43A9-B412-D5D282CC1798}.Debug|x86.ActiveCfg = Debug|Any CPU
		{DD91ECCE-B455-43A9-B412-D5D282CC1798}.Debug|x86.Build.0 = Debug|Any CPU
		{DD91ECCE-B455-43A9-B412-D5D282CC1798}.Release|Any CPU.ActiveCfg = Release|Any CPU
		{DD91ECCE-B455-43A9-B412-D5D282CC1798}.Release|Any CPU.Build.0 = Release|Any CPU
		{DD91ECCE-B455-43A9-B412-D5D282CC1798}.Release|x64.ActiveCfg = Release|Any CPU
		{DD91ECCE-B455-43A9-B412-D5D282CC1798}.Release|x64.Build.0 = Release|Any CPU
		{DD91ECCE-B455-43A9-B412-D5D282CC1798}.Release|x86.ActiveCfg = Release|Any CPU
		{DD91ECCE-B455-43A9-B412-D5D282CC1798}.Release|x86.Build.0 = Release|Any CPU
		{1BDEC723-6BF4-48B0-AE02-99EEB0C009A8}.Debug|Any CPU.ActiveCfg = Debug|Any CPU
		{1BDEC723-6BF4-48B0-AE02-99EEB0C009A8}.Debug|Any CPU.Build.0 = Debug|Any CPU
		{1BDEC723-6BF4-48B0-AE02-99EEB0C009A8}.Debug|x64.ActiveCfg = Debug|Any CPU
		{1BDEC723-6BF4-48B0-AE02-99EEB0C009A8}.Debug|x64.Build.0 = Debug|Any CPU
		{1BDEC723-6BF4-48B0-AE02-99EEB0C009A8}.Debug|x86.ActiveCfg = Debug|Any CPU
		{1BDEC723-6BF4-48B0-AE02-99EEB0C009A8}.Debug|x86.Build.0 = Debug|Any CPU
		{1BDEC723-6BF4-48B0-AE02-99EEB0C009A8}.Release|Any CPU.ActiveCfg = Release|Any CPU
		{1BDEC723-6BF4-48B0-AE02-99EEB0C009A8}.Release|Any CPU.Build.0 = Release|Any CPU
		{1BDEC723-6BF4-48B0-AE02-99EEB0C009A8}.Release|x64.ActiveCfg = Release|Any CPU
		{1BDEC723-6BF4-48B0-AE02-99EEB0C009A8}.Release|x64.Build.0 = Release|Any CPU
		{1BDEC723-6BF4-48B0-AE02-99EEB0C009A8}.Release|x86.ActiveCfg = Release|Any CPU
		{1BDEC723-6BF4-48B0-AE02-99EEB0C009A8}.Release|x86.Build.0 = Release|Any CPU
	EndGlobalSection
	GlobalSection(SolutionProperties) = preSolution
		HideSolutionNode = FALSE
	EndGlobalSection
	GlobalSection(NestedProjects) = preSolution
		{DD91ECCE-B455-43A9-B412-D5D282CC1798} = {7F99D103-3D00-450F-AEE5-96D115547906}
		{1BDEC723-6BF4-48B0-AE02-99EEB0C009A8} = {C7691550-5468-42F5-9A8C-19BC739E46D0}
	EndGlobalSection
	GlobalSection(ExtensibilityGlobals) = postSolution
		SolutionGuid = {EAF64DC3-D550-4010-97B0-F4044E7AD381}
	EndGlobalSection
EndGlobal
